
Microsoft Visual Studio Solution File, Format Version 12.00
# Visual Studio Version 16
VisualStudioVersion = 16.0.31205.134
MinimumVisualStudioVersion = 10.0.40219.1
Project("{FAE04EC0-301F-11D3-BF4B-00C04F79EFBC}") = "LandlordV3-MVC", "LandlordV3-MVC.csproj", "{405E04D9-24D7-41F5-AB56-00ECE7BA44AE}"
EndProject
Global
	GlobalSection(SolutionConfigurationPlatforms) = preSolution
		Debug|Any CPU = Debug|Any CPU
		Release|Any CPU = Release|Any CPU
	EndGlobalSection
	GlobalSection(ProjectConfigurationPlatforms) = postSolution
		{405E04D9-24D7-41F5-AB56-00ECE7BA44AE}.Debug|Any CPU.ActiveCfg = Debug|Any CPU
		{405E04D9-24D7-41F5-AB56-00ECE7BA44AE}.Debug|Any CPU.Build.0 = Debug|Any CPU
		{405E04D9-24D7-41F5-AB56-00ECE7BA44AE}.Release|Any CPU.ActiveCfg = Release|Any CPU
		{405E04D9-24D7-41F5-AB56-00ECE7BA44AE}.Release|Any CPU.Build.0 = Release|Any CPU
	EndGlobalSection
	GlobalSection(SolutionProperties) = preSolution
		HideSolutionNode = FALSE
	EndGlobalSection
	GlobalSection(ExtensibilityGlobals) = postSolution
		SolutionGuid = {6747B3AA-97F2-4E57-8578-84043BA7C7F2}
	EndGlobalSection
EndGlobal
